
Microsoft Visual Studio Solution File, Format Version 12.00
# Visual Studio Version 16
VisualStudioVersion = 16.0.31313.79
MinimumVisualStudioVersion = 10.0.40219.1
Project("{FAE04EC0-301F-11D3-BF4B-00C04F79EFBC}") = "Curs1", "Curs1\Curs1.csproj", "{FDF553D1-2030-427D-8C73-105B41D26B73}"
EndProject
Global
	GlobalSection(SolutionConfigurationPlatforms) = preSolution
		Debug|Any CPU = Debug|Any CPU
		Release|Any CPU = Release|Any CPU
	EndGlobalSection
	GlobalSection(ProjectConfigurationPlatforms) = postSolution
		{FDF553D1-2030-427D-8C73-105B41D26B73}.Debug|Any CPU.ActiveCfg = Debug|Any CPU
		{FDF553D1-2030-427D-8C73-105B41D26B73}.Debug|Any CPU.Build.0 = Debug|Any CPU
		{FDF553D1-2030-427D-8C73-105B41D26B73}.Release|Any CPU.ActiveCfg = Release|Any CPU
		{FDF553D1-2030-427D-8C73-105B41D26B73}.Release|Any CPU.Build.0 = Release|Any CPU
	EndGlobalSection
	GlobalSection(SolutionProperties) = preSolution
		HideSolutionNode = FALSE
	EndGlobalSection
	GlobalSection(ExtensibilityGlobals) = postSolution
		SolutionGuid = {AC890830-AC70-482D-A0ED-E09E377986C9}
	EndGlobalSection
EndGlobal
